<?xml version="1.0" encoding="utf-8"?>
<Project ToolsVersion="4.0" xmlns="http://schemas.microsoft.com/developer/msbuild/2003">
  <ItemGroup>
    <Filter Include="리소스 파일">
      <UniqueIdentifier>{67DA6AB6-F800-4c08-8B7A-83BB121AAD01}</UniqueIdentifier>
      <Extensions>rc;ico;cur;bmp;dlg;rc2;rct;bin;rgs;gif;jpg;jpeg;jpe;resx;tiff;tif;png;wav;mfcribbon-ms</Extensions>
    </Filter>
    <Filter Include="Scene">
      <UniqueIdentifier>{0cdbb2e9-45b5-4bae-bfea-16e0996b09f7}</UniqueIdentifier>
    </Filter>
    <Filter Include="Player">
      <UniqueIdentifier>{14c9ffa1-8dde-45d3-b4ab-86d0284acc51}</UniqueIdentifier>
    </Filter>
    <Filter Include="Script">
      <UniqueIdentifier>{8f7ab35f-8af1-4155-aad2-e37641d39ed2}</UniqueIdentifier>
    </Filter>
    <Filter Include="Scene\1. IntroScene">
      <UniqueIdentifier>{4e5663e1-da39-4170-8343-e93c7233fd3d}</UniqueIdentifier>
    </Filter>
    <Filter Include="Scene\2. TitleScene">
      <UniqueIdentifier>{37250200-abd0-48d4-9981-be8f8e7137b3}</UniqueIdentifier>
    </Filter>
    <Filter Include="Scene\3. PlayScene">
      <UniqueIdentifier>{87d70d6d-8410-49d8-8494-77d5fac9ccf0}</UniqueIdentifier>
    </Filter>
    <Filter Include="Scene\4. SaveScene">
      <UniqueIdentifier>{13a7bef6-4bef-4ce5-b130-34b45a0b205b}</UniqueIdentifier>
    </Filter>
    <Filter Include="Scene\5. EndingScene">
      <UniqueIdentifier>{87990c5a-66be-47eb-9f2a-727fc200cb41}</UniqueIdentifier>
    </Filter>
    <Filter Include="Script\1. CommonScript">
      <UniqueIdentifier>{a11cb419-7822-4e45-aa54-5780d597bb09}</UniqueIdentifier>
    </Filter>
    <Filter Include="Script\2. TitleSceneScript">
      <UniqueIdentifier>{534ce74d-877e-4db8-8a92-26f04cb53625}</UniqueIdentifier>
    </Filter>
    <Filter Include="Script\1. CommonScript\PlayerScript">
      <UniqueIdentifier>{f6c7b71a-b361-41da-8962-73d3d10ba6c3}</UniqueIdentifier>
    </Filter>
    <Filter Include="Scene\3. PlayScene\1. FarmScene">
      <UniqueIdentifier>{141402de-7592-4ac7-95cc-c317020144bd}</UniqueIdentifier>
    </Filter>
  </ItemGroup>
  <ItemGroup>
    <ClInclude Include="TitleScene.h">
      <Filter>Scene\2. TitleScene</Filter>
    </ClInclude>
    <ClInclude Include="LoadScenes.h" />
    <ClInclude Include="Player.h">
      <Filter>Player</Filter>
    </ClInclude>
    <ClInclude Include="LoadResources.h" />
    <ClInclude Include="IntroScene.h">
      <Filter>Scene\1. IntroScene</Filter>
    </ClInclude>
    <ClInclude Include="PlayerScript.h">
      <Filter>Script\1. CommonScript\PlayerScript</Filter>
    </ClInclude>
    <ClInclude Include="FarmScene.h">
      <Filter>Scene\3. PlayScene\1. FarmScene</Filter>
    </ClInclude>
    <ClInclude Include="buttonScript.h">
      <Filter>Script\2. TitleSceneScript</Filter>
    </ClInclude>
    <ClInclude Include="BirdScript.h">
      <Filter>Script\2. TitleSceneScript</Filter>
    </ClInclude>
  </ItemGroup>
  <ItemGroup>
    <ClCompile Include="TitleScene.cpp">
      <Filter>Scene\2. TitleScene</Filter>
    </ClCompile>
    <ClCompile Include="Player.cpp">
      <Filter>Player</Filter>
    </ClCompile>
    <ClCompile Include="IntroScene.cpp">
      <Filter>Scene\1. IntroScene</Filter>
    </ClCompile>
    <ClCompile Include="PlayerScript.cpp">
      <Filter>Script\1. CommonScript\PlayerScript</Filter>
    </ClCompile>
    <ClCompile Include="FarmScene.cpp">
      <Filter>Scene\3. PlayScene\1. FarmScene</Filter>
    </ClCompile>
    <ClCompile Include="buttonScript.cpp">
      <Filter>Script\2. TitleSceneScript</Filter>
    </ClCompile>
    <ClCompile Include="BirdScript.cpp">
      <Filter>Script\2. TitleSceneScript</Filter>
    </ClCompile>
  </ItemGroup>
</Project>